
Microsoft Visual Studio Solution File, Format Version 12.00
# Visual Studio Version 17
VisualStudioVersion = 17.9.34728.123
MinimumVisualStudioVersion = 10.0.40219.1
Project("{FAE04EC0-301F-11D3-BF4B-00C04F79EFBC}") = "SımpleBankingApp.Web", "SımpleBankingApp.Web.csproj", "{82D71502-5EDA-44BE-8ED8-A33251A02BB4}"
EndProject
Global
	GlobalSection(SolutionConfigurationPlatforms) = preSolution
		Debug|Any CPU = Debug|Any CPU
		Release|Any CPU = Release|Any CPU
	EndGlobalSection
	GlobalSection(ProjectConfigurationPlatforms) = postSolution
		{82D71502-5EDA-44BE-8ED8-A33251A02BB4}.Debug|Any CPU.ActiveCfg = Debug|Any CPU
		{82D71502-5EDA-44BE-8ED8-A33251A02BB4}.Debug|Any CPU.Build.0 = Debug|Any CPU
		{82D71502-5EDA-44BE-8ED8-A33251A02BB4}.Release|Any CPU.ActiveCfg = Release|Any CPU
		{82D71502-5EDA-44BE-8ED8-A33251A02BB4}.Release|Any CPU.Build.0 = Release|Any CPU
	EndGlobalSection
	GlobalSection(SolutionProperties) = preSolution
		HideSolutionNode = FALSE
	EndGlobalSection
	GlobalSection(ExtensibilityGlobals) = postSolution
		SolutionGuid = {C5BE5BA7-F3C7-46D0-BC33-F85DEAB70F54}
	EndGlobalSection
EndGlobal
